
Microsoft Visual Studio Solution File, Format Version 12.00
# Visual Studio Version 17
VisualStudioVersion = 17.9.34607.119
MinimumVisualStudioVersion = 10.0.40219.1
Project("{9A19103F-16F7-4668-BE54-9A1E7A4F7556}") = "MySite", "MySite\MySite.csproj", "{A2A4BB39-42A0-4F20-AEFD-F443296CB57C}"
EndProject
Project("{FAE04EC0-301F-11D3-BF4B-00C04F79EFBC}") = "UnitTest1", "UnitTest1\UnitTest1.csproj", "{317AA2AF-C047-43D4-B87A-E10AC2E94D9A}"
EndProject
Global
	GlobalSection(SolutionConfigurationPlatforms) = preSolution
		Debug|Any CPU = Debug|Any CPU
		Release|Any CPU = Release|Any CPU
	EndGlobalSection
	GlobalSection(ProjectConfigurationPlatforms) = postSolution
		{A2A4BB39-42A0-4F20-AEFD-F443296CB57C}.Debug|Any CPU.ActiveCfg = Debug|Any CPU
		{A2A4BB39-42A0-4F20-AEFD-F443296CB57C}.Debug|Any CPU.Build.0 = Debug|Any CPU
		{A2A4BB39-42A0-4F20-AEFD-F443296CB57C}.Release|Any CPU.ActiveCfg = Release|Any CPU
		{A2A4BB39-42A0-4F20-AEFD-F443296CB57C}.Release|Any CPU.Build.0 = Release|Any CPU
		{317AA2AF-C047-43D4-B87A-E10AC2E94D9A}.Debug|Any CPU.ActiveCfg = Debug|Any CPU
		{317AA2AF-C047-43D4-B87A-E10AC2E94D9A}.Debug|Any CPU.Build.0 = Debug|Any CPU
		{317AA2AF-C047-43D4-B87A-E10AC2E94D9A}.Release|Any CPU.ActiveCfg = Release|Any CPU
		{317AA2AF-C047-43D4-B87A-E10AC2E94D9A}.Release|Any CPU.Build.0 = Release|Any CPU
	EndGlobalSection
	GlobalSection(SolutionProperties) = preSolution
		HideSolutionNode = FALSE
	EndGlobalSection
	GlobalSection(ExtensibilityGlobals) = postSolution
		SolutionGuid = {CBC4DED3-C96C-48F7-8A1B-EEF9B3A8E49A}
	EndGlobalSection
EndGlobal
